
Microsoft Visual Studio Solution File, Format Version 12.00
# Visual Studio 15
VisualStudioVersion = 15.0.26014.0
MinimumVisualStudioVersion = 10.0.40219.1
Project("{FAE04EC0-301F-11D3-BF4B-00C04F79EFBC}") = "JenkinsHelloWorld", "JenkinsHelloWorld\JenkinsHelloWorld.csproj", "{EAB0A9C0-8E7A-46B4-A036-3914A0E34EBB}"
EndProject
Project("{FAE04EC0-301F-11D3-BF4B-00C04F79EFBC}") = "HelloLibrary", "HelloLibrary\HelloLibrary.csproj", "{202358BA-7E7D-4F56-B3BC-9BC0968E724C}"
EndProject
Project("{2150E333-8FDC-42A3-9474-1A3956D46DE8}") = "Solution Items", "Solution Items", "{1B2B0B12-B393-46B7-AAE0-CCBA7D68082A}"
	ProjectSection(SolutionItems) = preProject
		LICENSE.txt = LICENSE.txt
		NAntHelloWorld.xml = NAntHelloWorld.xml
		README.txt = README.txt
	EndProjectSection
EndProject
Project("{FAE04EC0-301F-11D3-BF4B-00C04F79EFBC}") = "JustALibraryToAddOfficialNuGetPackages", "JustALibraryToAddOfficialNuGetPackages\JustALibraryToAddOfficialNuGetPackages.csproj", "{3E7E99C6-68E8-40E0-9398-BA262D82A4D7}"
EndProject
Global
	GlobalSection(SolutionConfigurationPlatforms) = preSolution
		Debug|Any CPU = Debug|Any CPU
		Debug|x64 = Debug|x64
		Debug|x86 = Debug|x86
		Release|Any CPU = Release|Any CPU
		Release|x64 = Release|x64
		Release|x86 = Release|x86
	EndGlobalSection
	GlobalSection(ProjectConfigurationPlatforms) = postSolution
		{EAB0A9C0-8E7A-46B4-A036-3914A0E34EBB}.Debug|Any CPU.ActiveCfg = Debug|Any CPU
		{EAB0A9C0-8E7A-46B4-A036-3914A0E34EBB}.Debug|Any CPU.Build.0 = Debug|Any CPU
		{EAB0A9C0-8E7A-46B4-A036-3914A0E34EBB}.Debug|x64.ActiveCfg = Debug|Any CPU
		{EAB0A9C0-8E7A-46B4-A036-3914A0E34EBB}.Debug|x64.Build.0 = Debug|Any CPU
		{EAB0A9C0-8E7A-46B4-A036-3914A0E34EBB}.Debug|x86.ActiveCfg = Debug|Any CPU
		{EAB0A9C0-8E7A-46B4-A036-3914A0E34EBB}.Debug|x86.Build.0 = Debug|Any CPU
		{EAB0A9C0-8E7A-46B4-A036-3914A0E34EBB}.Release|Any CPU.ActiveCfg = Release|Any CPU
		{EAB0A9C0-8E7A-46B4-A036-3914A0E34EBB}.Release|Any CPU.Build.0 = Release|Any CPU
		{EAB0A9C0-8E7A-46B4-A036-3914A0E34EBB}.Release|x64.ActiveCfg = Release|Any CPU
		{EAB0A9C0-8E7A-46B4-A036-3914A0E34EBB}.Release|x64.Build.0 = Release|Any CPU
		{EAB0A9C0-8E7A-46B4-A036-3914A0E34EBB}.Release|x86.ActiveCfg = Release|Any CPU
		{EAB0A9C0-8E7A-46B4-A036-3914A0E34EBB}.Release|x86.Build.0 = Release|Any CPU
		{202358BA-7E7D-4F56-B3BC-9BC0968E724C}.Debug|Any CPU.ActiveCfg = Debug|Any CPU
		{202358BA-7E7D-4F56-B3BC-9BC0968E724C}.Debug|Any CPU.Build.0 = Debug|Any CPU
		{202358BA-7E7D-4F56-B3BC-9BC0968E724C}.Debug|x64.ActiveCfg = Debug|Any CPU
		{202358BA-7E7D-4F56-B3BC-9BC0968E724C}.Debug|x64.Build.0 = Debug|Any CPU
		{202358BA-7E7D-4F56-B3BC-9BC0968E724C}.Debug|x86.ActiveCfg = Debug|Any CPU
		{202358BA-7E7D-4F56-B3BC-9BC0968E724C}.Debug|x86.Build.0 = Debug|Any CPU
		{202358BA-7E7D-4F56-B3BC-9BC0968E724C}.Release|Any CPU.ActiveCfg = Release|Any CPU
		{202358BA-7E7D-4F56-B3BC-9BC0968E724C}.Release|Any CPU.Build.0 = Release|Any CPU
		{202358BA-7E7D-4F56-B3BC-9BC0968E724C}.Release|x64.ActiveCfg = Release|Any CPU
		{202358BA-7E7D-4F56-B3BC-9BC0968E724C}.Release|x64.Build.0 = Release|Any CPU
		{202358BA-7E7D-4F56-B3BC-9BC0968E724C}.Release|x86.ActiveCfg = Release|Any CPU
		{202358BA-7E7D-4F56-B3BC-9BC0968E724C}.Release|x86.Build.0 = Release|Any CPU
		{3E7E99C6-68E8-40E0-9398-BA262D82A4D7}.Debug|Any CPU.ActiveCfg = Debug|Any CPU
		{3E7E99C6-68E8-40E0-9398-BA262D82A4D7}.Debug|Any CPU.Build.0 = Debug|Any CPU
		{3E7E99C6-68E8-40E0-9398-BA262D82A4D7}.Debug|x64.ActiveCfg = Debug|Any CPU
		{3E7E99C6-68E8-40E0-9398-BA262D82A4D7}.Debug|x64.Build.0 = Debug|Any CPU
		{3E7E99C6-68E8-40E0-9398-BA262D82A4D7}.Debug|x86.ActiveCfg = Debug|Any CPU
		{3E7E99C6-68E8-40E0-9398-BA262D82A4D7}.Debug|x86.Build.0 = Debug|Any CPU
		{3E7E99C6-68E8-40E0-9398-BA262D82A4D7}.Release|Any CPU.ActiveCfg = Release|Any CPU
		{3E7E99C6-68E8-40E0-9398-BA262D82A4D7}.Release|Any CPU.Build.0 = Release|Any CPU
		{3E7E99C6-68E8-40E0-9398-BA262D82A4D7}.Release|x64.ActiveCfg = Release|Any CPU
		{3E7E99C6-68E8-40E0-9398-BA262D82A4D7}.Release|x64.Build.0 = Release|Any CPU
		{3E7E99C6-68E8-40E0-9398-BA262D82A4D7}.Release|x86.ActiveCfg = Release|Any CPU
		{3E7E99C6-68E8-40E0-9398-BA262D82A4D7}.Release|x86.Build.0 = Release|Any CPU
	EndGlobalSection
	GlobalSection(SolutionProperties) = preSolution
		HideSolutionNode = FALSE
	EndGlobalSection
EndGlobal
